
Microsoft Visual Studio Solution File, Format Version 12.00
# Visual Studio Version 17
VisualStudioVersion = 17.8.34309.116
MinimumVisualStudioVersion = 10.0.40219.1
Project("{9A19103F-16F7-4668-BE54-9A1E7A4F7556}") = "Matveeva.UI", "Matveeva.UI.csproj", "{AACA70AB-1460-42D6-93DC-235545FB844A}"
EndProject
Project("{9A19103F-16F7-4668-BE54-9A1E7A4F7556}") = "Shop.Domain", "..\Shop.Domain\Shop.Domain.csproj", "{AF84477A-866A-4176-848E-0DFF769107F5}"
EndProject
Project("{9A19103F-16F7-4668-BE54-9A1E7A4F7556}") = "Matveeva.API", "..\Matveeva.API\Matveeva.API.csproj", "{D9D92265-7F30-490B-9CE2-3029ECFA8205}"
EndProject
Project("{FAE04EC0-301F-11D3-BF4B-00C04F79EFBC}") = "Matveeva.Blazor", "..\Matveeva.Blazor\Matveeva.Blazor.csproj", "{C3D78542-2E03-443C-AACE-C5E8AE56A239}"
EndProject
Global
	GlobalSection(SolutionConfigurationPlatforms) = preSolution
		Debug|Any CPU = Debug|Any CPU
		Release|Any CPU = Release|Any CPU
	EndGlobalSection
	GlobalSection(ProjectConfigurationPlatforms) = postSolution
		{AACA70AB-1460-42D6-93DC-235545FB844A}.Debug|Any CPU.ActiveCfg = Debug|Any CPU
		{AACA70AB-1460-42D6-93DC-235545FB844A}.Debug|Any CPU.Build.0 = Debug|Any CPU
		{AACA70AB-1460-42D6-93DC-235545FB844A}.Release|Any CPU.ActiveCfg = Release|Any CPU
		{AACA70AB-1460-42D6-93DC-235545FB844A}.Release|Any CPU.Build.0 = Release|Any CPU
		{AF84477A-866A-4176-848E-0DFF769107F5}.Debug|Any CPU.ActiveCfg = Debug|Any CPU
		{AF84477A-866A-4176-848E-0DFF769107F5}.Debug|Any CPU.Build.0 = Debug|Any CPU
		{AF84477A-866A-4176-848E-0DFF769107F5}.Release|Any CPU.ActiveCfg = Release|Any CPU
		{AF84477A-866A-4176-848E-0DFF769107F5}.Release|Any CPU.Build.0 = Release|Any CPU
		{D9D92265-7F30-490B-9CE2-3029ECFA8205}.Debug|Any CPU.ActiveCfg = Debug|Any CPU
		{D9D92265-7F30-490B-9CE2-3029ECFA8205}.Debug|Any CPU.Build.0 = Debug|Any CPU
		{D9D92265-7F30-490B-9CE2-3029ECFA8205}.Release|Any CPU.ActiveCfg = Release|Any CPU
		{D9D92265-7F30-490B-9CE2-3029ECFA8205}.Release|Any CPU.Build.0 = Release|Any CPU
		{C3D78542-2E03-443C-AACE-C5E8AE56A239}.Debug|Any CPU.ActiveCfg = Debug|Any CPU
		{C3D78542-2E03-443C-AACE-C5E8AE56A239}.Debug|Any CPU.Build.0 = Debug|Any CPU
		{C3D78542-2E03-443C-AACE-C5E8AE56A239}.Release|Any CPU.ActiveCfg = Release|Any CPU
		{C3D78542-2E03-443C-AACE-C5E8AE56A239}.Release|Any CPU.Build.0 = Release|Any CPU
	EndGlobalSection
	GlobalSection(SolutionProperties) = preSolution
		HideSolutionNode = FALSE
	EndGlobalSection
	GlobalSection(ExtensibilityGlobals) = postSolution
		SolutionGuid = {F31328A6-982F-4F48-A9A6-40C6A7446FB0}
	EndGlobalSection
EndGlobal
